Microsoft Visual Studio Solution File, Format Version 12.00
# Visual Studio Version 17
VisualStudioVersion = 17.5.2.0
MinimumVisualStudioVersion = 10.0.40219.1
Project("{FAE04EC0-301F-11D3-BF4B-00C04F79EFBC}") = "Aeroporto", "Aeroporto.csproj", "{FDE1CDD4-4AB7-050F-A679-BE21006FC9BC}"
EndProject
Global
	GlobalSection(SolutionConfigurationPlatforms) = preSolution
		Debug|Any CPU = Debug|Any CPU
		Release|Any CPU = Release|Any CPU
	EndGlobalSection
	GlobalSection(ProjectConfigurationPlatforms) = postSolution
		{FDE1CDD4-4AB7-050F-A679-BE21006FC9BC}.Debug|Any CPU.ActiveCfg = Debug|Any CPU
		{FDE1CDD4-4AB7-050F-A679-BE21006FC9BC}.Debug|Any CPU.Build.0 = Debug|Any CPU
		{FDE1CDD4-4AB7-050F-A679-BE21006FC9BC}.Release|Any CPU.ActiveCfg = Release|Any CPU
		{FDE1CDD4-4AB7-050F-A679-BE21006FC9BC}.Release|Any CPU.Build.0 = Release|Any CPU
	EndGlobalSection
	GlobalSection(SolutionProperties) = preSolution
		HideSolutionNode = FALSE
	EndGlobalSection
	GlobalSection(ExtensibilityGlobals) = postSolution
		SolutionGuid = {A52DE3B7-D453-4AAC-8832-6D1E4FF93C8F}
	EndGlobalSection
EndGlobal
