Microsoft Visual Studio Solution File, Format Version 12.00
# Visual Studio Version 17
VisualStudioVersion = 17.5.2.0
MinimumVisualStudioVersion = 10.0.40219.1
Project("{FAE04EC0-301F-11D3-BF4B-00C04F79EFBC}") = "LearningStrings", "LearningStrings.csproj", "{8E2C8F18-9688-7B9B-B110-5A3629848EF1}"
EndProject
Global
	GlobalSection(SolutionConfigurationPlatforms) = preSolution
		Debug|Any CPU = Debug|Any CPU
		Release|Any CPU = Release|Any CPU
	EndGlobalSection
	GlobalSection(ProjectConfigurationPlatforms) = postSolution
		{8E2C8F18-9688-7B9B-B110-5A3629848EF1}.Debug|Any CPU.ActiveCfg = Debug|Any CPU
		{8E2C8F18-9688-7B9B-B110-5A3629848EF1}.Debug|Any CPU.Build.0 = Debug|Any CPU
		{8E2C8F18-9688-7B9B-B110-5A3629848EF1}.Release|Any CPU.ActiveCfg = Release|Any CPU
		{8E2C8F18-9688-7B9B-B110-5A3629848EF1}.Release|Any CPU.Build.0 = Release|Any CPU
	EndGlobalSection
	GlobalSection(SolutionProperties) = preSolution
		HideSolutionNode = FALSE
	EndGlobalSection
	GlobalSection(ExtensibilityGlobals) = postSolution
		SolutionGuid = {CAF1A39B-C354-459A-B424-087E43C9D0DB}
	EndGlobalSection
EndGlobal
