Microsoft Visual Studio Solution File, Format Version 12.00
# Visual Studio Version 17
VisualStudioVersion = 17.5.2.0
MinimumVisualStudioVersion = 10.0.40219.1
Project("{FAE04EC0-301F-11D3-BF4B-00C04F79EFBC}") = "arrays-e-funcoes", "arrays-e-funcoes.csproj", "{F5406536-CB84-F4A0-7CAD-3FC307CA77B4}"
EndProject
Global
	GlobalSection(SolutionConfigurationPlatforms) = preSolution
		Debug|Any CPU = Debug|Any CPU
		Release|Any CPU = Release|Any CPU
	EndGlobalSection
	GlobalSection(ProjectConfigurationPlatforms) = postSolution
		{F5406536-CB84-F4A0-7CAD-3FC307CA77B4}.Debug|Any CPU.ActiveCfg = Debug|Any CPU
		{F5406536-CB84-F4A0-7CAD-3FC307CA77B4}.Debug|Any CPU.Build.0 = Debug|Any CPU
		{F5406536-CB84-F4A0-7CAD-3FC307CA77B4}.Release|Any CPU.ActiveCfg = Release|Any CPU
		{F5406536-CB84-F4A0-7CAD-3FC307CA77B4}.Release|Any CPU.Build.0 = Release|Any CPU
	EndGlobalSection
	GlobalSection(SolutionProperties) = preSolution
		HideSolutionNode = FALSE
	EndGlobalSection
	GlobalSection(ExtensibilityGlobals) = postSolution
		SolutionGuid = {1B9F86AF-0B38-45A9-A65D-0CC5EFAE2DC0}
	EndGlobalSection
EndGlobal
