Microsoft Visual Studio Solution File, Format Version 12.00
# Visual Studio Version 17
VisualStudioVersion = 17.5.2.0
MinimumVisualStudioVersion = 10.0.40219.1
Project("{FAE04EC0-301F-11D3-BF4B-00C04F79EFBC}") = "PracticingClasses", "PracticingClasses.csproj", "{A2A2B0DC-5B9D-DB5D-46CC-AB14B285ECEC}"
EndProject
Global
	GlobalSection(SolutionConfigurationPlatforms) = preSolution
		Debug|Any CPU = Debug|Any CPU
		Release|Any CPU = Release|Any CPU
	EndGlobalSection
	GlobalSection(ProjectConfigurationPlatforms) = postSolution
		{A2A2B0DC-5B9D-DB5D-46CC-AB14B285ECEC}.Debug|Any CPU.ActiveCfg = Debug|Any CPU
		{A2A2B0DC-5B9D-DB5D-46CC-AB14B285ECEC}.Debug|Any CPU.Build.0 = Debug|Any CPU
		{A2A2B0DC-5B9D-DB5D-46CC-AB14B285ECEC}.Release|Any CPU.ActiveCfg = Release|Any CPU
		{A2A2B0DC-5B9D-DB5D-46CC-AB14B285ECEC}.Release|Any CPU.Build.0 = Release|Any CPU
	EndGlobalSection
	GlobalSection(SolutionProperties) = preSolution
		HideSolutionNode = FALSE
	EndGlobalSection
	GlobalSection(ExtensibilityGlobals) = postSolution
		SolutionGuid = {785EF6FD-2439-46C1-A6E5-6420EA46ECC0}
	EndGlobalSection
EndGlobal
